// !$*UTF8*$!
{
	archiveVersion = 1;
	classes = {
	};
	objectVersion = 56;
	objects = {

/* Begin PBXBuildFile section */
		8303091C2A6B693C001E5F7A /* FetchSchedule.swift in Sources */ = {isa = PBXBuildFile; fileRef = 8303091B2A6B693C001E5F7A /* FetchSchedule.swift */; };
		831D3B962A59BCEE007BFAB5 /* RabiesExpirationView .swift in Sources */ = {isa = PBXBuildFile; fileRef = 831D3B952A59BCEE007BFAB5 /* RabiesExpirationView .swift */; };
		831D3B982A59BE1E007BFAB5 /* UploadCertificateView.swift in Sources */ = {isa = PBXBuildFile; fileRef = 831D3B972A59BE1E007BFAB5 /* UploadCertificateView.swift */; };
		831D3B9A2A59FDEB007BFAB5 /* CompletedPetProfileView.swift in Sources */ = {isa = PBXBuildFile; fileRef = 831D3B992A59FDEB007BFAB5 /* CompletedPetProfileView.swift */; };
		831D3B9C2A5A2187007BFAB5 /* EditPetProfileView.swift in Sources */ = {isa = PBXBuildFile; fileRef = 831D3B9B2A5A2187007BFAB5 /* EditPetProfileView.swift */; };
		831D3BA02A5A4D2E007BFAB5 /* ExploreGroomerView.swift in Sources */ = {isa = PBXBuildFile; fileRef = 831D3B9F2A5A4D2E007BFAB5 /* ExploreGroomerView.swift */; };
		831D3BA22A5A50D1007BFAB5 /* GroomerViewRow.swift in Sources */ = {isa = PBXBuildFile; fileRef = 831D3BA12A5A50D1007BFAB5 /* GroomerViewRow.swift */; };
		831D3BA42A5A6F66007BFAB5 /* Test.swift in Sources */ = {isa = PBXBuildFile; fileRef = 831D3BA32A5A6F66007BFAB5 /* Test.swift */; };
		8387EADC2A563D0900CDA143 /* Appointment.swift in Sources */ = {isa = PBXBuildFile; fileRef = 8387EADB2A563D0900CDA143 /* Appointment.swift */; };
		8387EAE02A564B2F00CDA143 /* CompleteBookingView.swift in Sources */ = {isa = PBXBuildFile; fileRef = 8387EADF2A564B2F00CDA143 /* CompleteBookingView.swift */; };
		8387EAE32A564E4600CDA143 /* ButtonView.swift in Sources */ = {isa = PBXBuildFile; fileRef = 8387EAE22A564E4600CDA143 /* ButtonView.swift */; };
		8387EAE92A566E3600CDA143 /* GroomerNote.swift in Sources */ = {isa = PBXBuildFile; fileRef = 8387EAE82A566E3600CDA143 /* GroomerNote.swift */; };
		8387EAEB2A571A8C00CDA143 /* User.swift in Sources */ = {isa = PBXBuildFile; fileRef = 8387EAEA2A571A8C00CDA143 /* User.swift */; };
		8387EAF02A571BD700CDA143 /* RegisterView.swift in Sources */ = {isa = PBXBuildFile; fileRef = 8387EAEF2A571BD700CDA143 /* RegisterView.swift */; };
		8387EAF22A57427E00CDA143 /* AuthService.swift in Sources */ = {isa = PBXBuildFile; fileRef = 8387EAF12A57427E00CDA143 /* AuthService.swift */; };
		8387EAF52A5746D700CDA143 /* FirebaseAuth in Frameworks */ = {isa = PBXBuildFile; productRef = 8387EAF42A5746D700CDA143 /* FirebaseAuth */; };
		8387EAF72A5746D700CDA143 /* FirebaseFirestore in Frameworks */ = {isa = PBXBuildFile; productRef = 8387EAF62A5746D700CDA143 /* FirebaseFirestore */; };
		8387EAF92A5746D700CDA143 /* FirebaseFirestoreSwift in Frameworks */ = {isa = PBXBuildFile; productRef = 8387EAF82A5746D700CDA143 /* FirebaseFirestoreSwift */; };
		8387EAFB2A5746D700CDA143 /* FirebaseStorage in Frameworks */ = {isa = PBXBuildFile; productRef = 8387EAFA2A5746D700CDA143 /* FirebaseStorage */; };
		8387EAFD2A574F3200CDA143 /* GoogleService-Info.plist in Resources */ = {isa = PBXBuildFile; fileRef = 8387EAFC2A574F3200CDA143 /* GoogleService-Info.plist */; };
		8387EAFF2A57609D00CDA143 /* PetInfoView.swift in Sources */ = {isa = PBXBuildFile; fileRef = 8387EAFE2A57609D00CDA143 /* PetInfoView.swift */; };
		8387EB012A57644900CDA143 /* PetMedicationInfoView.swift in Sources */ = {isa = PBXBuildFile; fileRef = 8387EB002A57644900CDA143 /* PetMedicationInfoView.swift */; };
		8387EB032A57780600CDA143 /* RegisterViewModel.swift in Sources */ = {isa = PBXBuildFile; fileRef = 8387EB022A57780600CDA143 /* RegisterViewModel.swift */; };
		8387EB052A57839700CDA143 /* LoginView .swift in Sources */ = {isa = PBXBuildFile; fileRef = 8387EB042A57839700CDA143 /* LoginView .swift */; };
		8387EB072A57995800CDA143 /* UserService.swift in Sources */ = {isa = PBXBuildFile; fileRef = 8387EB062A57995800CDA143 /* UserService.swift */; };
		8387EB092A579DED00CDA143 /* LoginViewModel.swift in Sources */ = {isa = PBXBuildFile; fileRef = 8387EB082A579DED00CDA143 /* LoginViewModel.swift */; };
		8387EB0B2A579F7500CDA143 /* ContentView.swift in Sources */ = {isa = PBXBuildFile; fileRef = 8387EB0A2A579F7500CDA143 /* ContentView.swift */; };
		8387EB0D2A57A0C300CDA143 /* ContentViewModel.swift in Sources */ = {isa = PBXBuildFile; fileRef = 8387EB0C2A57A0C300CDA143 /* ContentViewModel.swift */; };
		8387EB102A57AE6D00CDA143 /* Kingfisher in Frameworks */ = {isa = PBXBuildFile; productRef = 8387EB0F2A57AE6D00CDA143 /* Kingfisher */; };
		8387EB122A57D15400CDA143 /* ChooseRegisterView.swift in Sources */ = {isa = PBXBuildFile; fileRef = 8387EB112A57D15400CDA143 /* ChooseRegisterView.swift */; };
		8387EB142A587E5100CDA143 /* PetProfileView.swift in Sources */ = {isa = PBXBuildFile; fileRef = 8387EB132A587E5100CDA143 /* PetProfileView.swift */; };
		8387EB182A58850F00CDA143 /* Pet.swift in Sources */ = {isa = PBXBuildFile; fileRef = 8387EB172A58850F00CDA143 /* Pet.swift */; };
		8387EB1A2A58D13000CDA143 /* GroomerRegisterViewModel.swift in Sources */ = {isa = PBXBuildFile; fileRef = 8387EB192A58D13000CDA143 /* GroomerRegisterViewModel.swift */; };
		8387EB1C2A58D1ED00CDA143 /* GroomerRegisterView.swift in Sources */ = {isa = PBXBuildFile; fileRef = 8387EB1B2A58D1ED00CDA143 /* GroomerRegisterView.swift */; };
		8387EB1E2A58E13F00CDA143 /* AddPetViewModel.swift in Sources */ = {isa = PBXBuildFile; fileRef = 8387EB1D2A58E13F00CDA143 /* AddPetViewModel.swift */; };
		8387EB222A58ECC000CDA143 /* RadioButtonView.swift in Sources */ = {isa = PBXBuildFile; fileRef = 8387EB212A58ECC000CDA143 /* RadioButtonView.swift */; };
		83AA29602A6F47C6005AB3C7 /* Extention.swift in Sources */ = {isa = PBXBuildFile; fileRef = 83AA295F2A6F47C6005AB3C7 /* Extention.swift */; };
		83D3DBD62A638F7600A43A3C /* Notification.swift in Sources */ = {isa = PBXBuildFile; fileRef = 83D3DBD52A638F7600A43A3C /* Notification.swift */; };
		83D3DBD92A63963200A43A3C /* NotificationViewModel.swift in Sources */ = {isa = PBXBuildFile; fileRef = 83D3DBD82A63963200A43A3C /* NotificationViewModel.swift */; };
		83D3DBDC2A64C1AB00A43A3C /* GroomerScheduleView.swift in Sources */ = {isa = PBXBuildFile; fileRef = 83D3DBDB2A64C1AB00A43A3C /* GroomerScheduleView.swift */; };
		83D3DBDE2A64C75A00A43A3C /* ScheduleDetailView.swift in Sources */ = {isa = PBXBuildFile; fileRef = 83D3DBDD2A64C75A00A43A3C /* ScheduleDetailView.swift */; };
		83D3DBE42A64E0BA00A43A3C /* GroomerScheduleViewModel.swift in Sources */ = {isa = PBXBuildFile; fileRef = 83D3DBE32A64E0BA00A43A3C /* GroomerScheduleViewModel.swift */; };
		83D3DBE72A662A0200A43A3C /* SelectedDateAndTimeSlot.swift in Sources */ = {isa = PBXBuildFile; fileRef = 83D3DBE62A662A0200A43A3C /* SelectedDateAndTimeSlot.swift */; };
		83D3DBE92A66FBA800A43A3C /* TestSlotViewModel.swift in Sources */ = {isa = PBXBuildFile; fileRef = 83D3DBE82A66FBA800A43A3C /* TestSlotViewModel.swift */; };
		83DBA91F2A55EA1800D3FF7D /* BubblesApp.swift in Sources */ = {isa = PBXBuildFile; fileRef = 83DBA91E2A55EA1800D3FF7D /* BubblesApp.swift */; };
		83DBA9232A55EA1B00D3FF7D /* Assets.xcassets in Resources */ = {isa = PBXBuildFile; fileRef = 83DBA9222A55EA1B00D3FF7D /* Assets.xcassets */; };
		83DBA9262A55EA1B00D3FF7D /* Preview Assets.xcassets in Resources */ = {isa = PBXBuildFile; fileRef = 83DBA9252A55EA1B00D3FF7D /* Preview Assets.xcassets */; };
		83DBA9322A55EB2300D3FF7D /* UserProfileView.swift in Sources */ = {isa = PBXBuildFile; fileRef = 83DBA9312A55EB2300D3FF7D /* UserProfileView.swift */; };
		83DBA9342A55EB3500D3FF7D /* GroomerProfileView.swift in Sources */ = {isa = PBXBuildFile; fileRef = 83DBA9332A55EB3500D3FF7D /* GroomerProfileView.swift */; };
		83DBA9362A55EB5800D3FF7D /* StoreListView.swift in Sources */ = {isa = PBXBuildFile; fileRef = 83DBA9352A55EB5800D3FF7D /* StoreListView.swift */; };
		83DBA9382A55EB7200D3FF7D /* StoreDetailView.swift in Sources */ = {isa = PBXBuildFile; fileRef = 83DBA9372A55EB7200D3FF7D /* StoreDetailView.swift */; };
		83DBA93B2A55EC4800D3FF7D /* ApptView.swift in Sources */ = {isa = PBXBuildFile; fileRef = 83DBA93A2A55EC4800D3FF7D /* ApptView.swift */; };
		83DBA93F2A55EC7000D3FF7D /* EditBookingView.swift in Sources */ = {isa = PBXBuildFile; fileRef = 83DBA93E2A55EC7000D3FF7D /* EditBookingView.swift */; };
		83DBA9412A55EDA500D3FF7D /* HomePageView.swift in Sources */ = {isa = PBXBuildFile; fileRef = 83DBA9402A55EDA500D3FF7D /* HomePageView.swift */; };
		83DBA9442A55EFDF00D3FF7D /* NotificationView.swift in Sources */ = {isa = PBXBuildFile; fileRef = 83DBA9432A55EFDF00D3FF7D /* NotificationView.swift */; };
		83DBA9472A55F17200D3FF7D /* GroomingHistoryView.swift in Sources */ = {isa = PBXBuildFile; fileRef = 83DBA9462A55F17200D3FF7D /* GroomingHistoryView.swift */; };
		83DBA94E2A56131E00D3FF7D /* Store.swift in Sources */ = {isa = PBXBuildFile; fileRef = 83DBA94D2A56131E00D3FF7D /* Store.swift */; };
		83DBA9502A561ACA00D3FF7D /* StoreRowView.swift in Sources */ = {isa = PBXBuildFile; fileRef = 83DBA94F2A561ACA00D3FF7D /* StoreRowView.swift */; };
		83DBA9522A562E0E00D3FF7D /* Price.swift in Sources */ = {isa = PBXBuildFile; fileRef = 83DBA9512A562E0E00D3FF7D /* Price.swift */; };
		83E6FA932A5C8C1100732F90 /* BookingViewModel.swift in Sources */ = {isa = PBXBuildFile; fileRef = 83E6FA922A5C8C1100732F90 /* BookingViewModel.swift */; };
		83E6FA962A5CA10400732F90 /* Groomer.swift in Sources */ = {isa = PBXBuildFile; fileRef = 83E6FA952A5CA10400732F90 /* Groomer.swift */; };
		83E6FA9A2A5CFF1A00732F90 /* Constants.swift in Sources */ = {isa = PBXBuildFile; fileRef = 83E6FA992A5CFF1A00732F90 /* Constants.swift */; };
		83E6FA9C2A5D083C00732F90 /* Test2.swift in Sources */ = {isa = PBXBuildFile; fileRef = 83E6FA9B2A5D083C00732F90 /* Test2.swift */; };
		83E6FA9F2A5DD65200732F90 /* View1.swift in Sources */ = {isa = PBXBuildFile; fileRef = 83E6FA9E2A5DD65200732F90 /* View1.swift */; };
		83E6FAA12A5DD6C500732F90 /* TestTabView.swift in Sources */ = {isa = PBXBuildFile; fileRef = 83E6FAA02A5DD6C500732F90 /* TestTabView.swift */; };
		83E6FAA32A5DD73400732F90 /* View2.swift in Sources */ = {isa = PBXBuildFile; fileRef = 83E6FAA22A5DD73400732F90 /* View2.swift */; };
		83E6FAA52A5DF41400732F90 /* View3.swift in Sources */ = {isa = PBXBuildFile; fileRef = 83E6FAA42A5DF41400732F90 /* View3.swift */; };
		83E6FAA72A5F390F00732F90 /* TestViewModel.swift in Sources */ = {isa = PBXBuildFile; fileRef = 83E6FAA62A5F390F00732F90 /* TestViewModel.swift */; };
		83E6FAAA2A5F4F1E00732F90 /* View4.swift in Sources */ = {isa = PBXBuildFile; fileRef = 83E6FAA92A5F4F1E00732F90 /* View4.swift */; };
		83E6FAAC2A5F525A00732F90 /* BookingView.swift in Sources */ = {isa = PBXBuildFile; fileRef = 83E6FAAB2A5F525A00732F90 /* BookingView.swift */; };
		83E6FAAE2A5F54B400732F90 /* SuccessView.swift in Sources */ = {isa = PBXBuildFile; fileRef = 83E6FAAD2A5F54B400732F90 /* SuccessView.swift */; };
		83E6FAB02A5F584C00732F90 /* Profile.swift in Sources */ = {isa = PBXBuildFile; fileRef = 83E6FAAF2A5F584C00732F90 /* Profile.swift */; };
		83E6FAB22A5F5AE200732F90 /* BookingView2.swift in Sources */ = {isa = PBXBuildFile; fileRef = 83E6FAB12A5F5AE200732F90 /* BookingView2.swift */; };
		83E6FAB42A5F706200732F90 /* GroomersView.swift in Sources */ = {isa = PBXBuildFile; fileRef = 83E6FAB32A5F706200732F90 /* GroomersView.swift */; };
		83E6FAB62A5F717C00732F90 /* GroomingServiceDetailView.swift in Sources */ = {isa = PBXBuildFile; fileRef = 83E6FAB52A5F717C00732F90 /* GroomingServiceDetailView.swift */; };
		83E6FAB82A5F726E00732F90 /* BookingWithGroomerView.swift in Sources */ = {isa = PBXBuildFile; fileRef = 83E6FAB72A5F726E00732F90 /* BookingWithGroomerView.swift */; };
		83E6FABA2A5F7F9600732F90 /* CreateBookingView.swift in Sources */ = {isa = PBXBuildFile; fileRef = 83E6FAB92A5F7F9600732F90 /* CreateBookingView.swift */; };
		83E6FABC2A5F86D200732F90 /* SuccessBookingView.swift in Sources */ = {isa = PBXBuildFile; fileRef = 83E6FABB2A5F86D200732F90 /* SuccessBookingView.swift */; };
		83E6FABE2A60C4AF00732F90 /* AppointmentViewRow.swift in Sources */ = {isa = PBXBuildFile; fileRef = 83E6FABD2A60C4AF00732F90 /* AppointmentViewRow.swift */; };
		83EF3E012A6881E4001AD56F /* StoreManager.swift in Sources */ = {isa = PBXBuildFile; fileRef = 83EF3E002A6881E4001AD56F /* StoreManager.swift */; };
		83EF3E032A69DD17001AD56F /* CreateBookingView2.swift in Sources */ = {isa = PBXBuildFile; fileRef = 83EF3E022A69DD17001AD56F /* CreateBookingView2.swift */; };
		83EF3E062A6A0ED9001AD56F /* ScheduleManager.swift in Sources */ = {isa = PBXBuildFile; fileRef = 83EF3E052A6A0ED9001AD56F /* ScheduleManager.swift */; };
/* End PBXBuildFile section */

/* Begin PBXFileReference section */
		8303091B2A6B693C001E5F7A /* FetchSchedule.swift */ = {isa = PBXFileReference; lastKnownFileType = sourcecode.swift; path = FetchSchedule.swift; sourceTree = "<group>"; };
		831D3B952A59BCEE007BFAB5 /* RabiesExpirationView .swift */ = {isa = PBXFileReference; lastKnownFileType = sourcecode.swift; path = "RabiesExpirationView .swift"; sourceTree = "<group>"; };
		831D3B972A59BE1E007BFAB5 /* UploadCertificateView.swift */ = {isa = PBXFileReference; lastKnownFileType = sourcecode.swift; path = UploadCertificateView.swift; sourceTree = "<group>"; };
		831D3B992A59FDEB007BFAB5 /* CompletedPetProfileView.swift */ = {isa = PBXFileReference; lastKnownFileType = sourcecode.swift; path = CompletedPetProfileView.swift; sourceTree = "<group>"; };
		831D3B9B2A5A2187007BFAB5 /* EditPetProfileView.swift */ = {isa = PBXFileReference; lastKnownFileType = sourcecode.swift; path = EditPetProfileView.swift; sourceTree = "<group>"; };
		831D3B9F2A5A4D2E007BFAB5 /* ExploreGroomerView.swift */ = {isa = PBXFileReference; lastKnownFileType = sourcecode.swift; path = ExploreGroomerView.swift; sourceTree = "<group>"; };
		831D3BA12A5A50D1007BFAB5 /* GroomerViewRow.swift */ = {isa = PBXFileReference; lastKnownFileType = sourcecode.swift; path = GroomerViewRow.swift; sourceTree = "<group>"; };
		831D3BA32A5A6F66007BFAB5 /* Test.swift */ = {isa = PBXFileReference; lastKnownFileType = sourcecode.swift; path = Test.swift; sourceTree = "<group>"; };
		8387EADB2A563D0900CDA143 /* Appointment.swift */ = {isa = PBXFileReference; lastKnownFileType = sourcecode.swift; path = Appointment.swift; sourceTree = "<group>"; };
		8387EADF2A564B2F00CDA143 /* CompleteBookingView.swift */ = {isa = PBXFileReference; lastKnownFileType = sourcecode.swift; path = CompleteBookingView.swift; sourceTree = "<group>"; };
		8387EAE22A564E4600CDA143 /* ButtonView.swift */ = {isa = PBXFileReference; lastKnownFileType = sourcecode.swift; path = ButtonView.swift; sourceTree = "<group>"; };
		8387EAE82A566E3600CDA143 /* GroomerNote.swift */ = {isa = PBXFileReference; lastKnownFileType = sourcecode.swift; path = GroomerNote.swift; sourceTree = "<group>"; };
		8387EAEA2A571A8C00CDA143 /* User.swift */ = {isa = PBXFileReference; lastKnownFileType = sourcecode.swift; path = User.swift; sourceTree = "<group>"; };
		8387EAEF2A571BD700CDA143 /* RegisterView.swift */ = {isa = PBXFileReference; lastKnownFileType = sourcecode.swift; path = RegisterView.swift; sourceTree = "<group>"; };
		8387EAF12A57427E00CDA143 /* AuthService.swift */ = {isa = PBXFileReference; lastKnownFileType = sourcecode.swift; path = AuthService.swift; sourceTree = "<group>"; };
		8387EAFC2A574F3200CDA143 /* GoogleService-Info.plist */ = {isa = PBXFileReference; lastKnownFileType = text.plist; path = "GoogleService-Info.plist"; sourceTree = SOURCE_ROOT; };
		8387EAFE2A57609D00CDA143 /* PetInfoView.swift */ = {isa = PBXFileReference; lastKnownFileType = sourcecode.swift; path = PetInfoView.swift; sourceTree = "<group>"; };
		8387EB002A57644900CDA143 /* PetMedicationInfoView.swift */ = {isa = PBXFileReference; lastKnownFileType = sourcecode.swift; path = PetMedicationInfoView.swift; sourceTree = "<group>"; };
		8387EB022A57780600CDA143 /* RegisterViewModel.swift */ = {isa = PBXFileReference; lastKnownFileType = sourcecode.swift; path = RegisterViewModel.swift; sourceTree = "<group>"; };
		8387EB042A57839700CDA143 /* LoginView .swift */ = {isa = PBXFileReference; lastKnownFileType = sourcecode.swift; path = "LoginView .swift"; sourceTree = "<group>"; };
		8387EB062A57995800CDA143 /* UserService.swift */ = {isa = PBXFileReference; lastKnownFileType = sourcecode.swift; path = UserService.swift; sourceTree = "<group>"; };
		8387EB082A579DED00CDA143 /* LoginViewModel.swift */ = {isa = PBXFileReference; lastKnownFileType = sourcecode.swift; path = LoginViewModel.swift; sourceTree = "<group>"; };
		8387EB0A2A579F7500CDA143 /* ContentView.swift */ = {isa = PBXFileReference; lastKnownFileType = sourcecode.swift; path = ContentView.swift; sourceTree = "<group>"; };
		8387EB0C2A57A0C300CDA143 /* ContentViewModel.swift */ = {isa = PBXFileReference; lastKnownFileType = sourcecode.swift; path = ContentViewModel.swift; sourceTree = "<group>"; };
		8387EB112A57D15400CDA143 /* ChooseRegisterView.swift */ = {isa = PBXFileReference; lastKnownFileType = sourcecode.swift; path = ChooseRegisterView.swift; sourceTree = "<group>"; };
		8387EB132A587E5100CDA143 /* PetProfileView.swift */ = {isa = PBXFileReference; lastKnownFileType = sourcecode.swift; path = PetProfileView.swift; sourceTree = "<group>"; };
		8387EB172A58850F00CDA143 /* Pet.swift */ = {isa = PBXFileReference; lastKnownFileType = sourcecode.swift; path = Pet.swift; sourceTree = "<group>"; };
		8387EB192A58D13000CDA143 /* GroomerRegisterViewModel.swift */ = {isa = PBXFileReference; lastKnownFileType = sourcecode.swift; path = GroomerRegisterViewModel.swift; sourceTree = "<group>"; };
		8387EB1B2A58D1ED00CDA143 /* GroomerRegisterView.swift */ = {isa = PBXFileReference; lastKnownFileType = sourcecode.swift; path = GroomerRegisterView.swift; sourceTree = "<group>"; };
		8387EB1D2A58E13F00CDA143 /* AddPetViewModel.swift */ = {isa = PBXFileReference; lastKnownFileType = sourcecode.swift; path = AddPetViewModel.swift; sourceTree = "<group>"; };
		8387EB212A58ECC000CDA143 /* RadioButtonView.swift */ = {isa = PBXFileReference; lastKnownFileType = sourcecode.swift; path = RadioButtonView.swift; sourceTree = "<group>"; };
		83AA295F2A6F47C6005AB3C7 /* Extention.swift */ = {isa = PBXFileReference; lastKnownFileType = sourcecode.swift; path = Extention.swift; sourceTree = "<group>"; };
		83D3DBD52A638F7600A43A3C /* Notification.swift */ = {isa = PBXFileReference; lastKnownFileType = sourcecode.swift; path = Notification.swift; sourceTree = "<group>"; };
		83D3DBD82A63963200A43A3C /* NotificationViewModel.swift */ = {isa = PBXFileReference; lastKnownFileType = sourcecode.swift; path = NotificationViewModel.swift; sourceTree = "<group>"; };
		83D3DBDB2A64C1AB00A43A3C /* GroomerScheduleView.swift */ = {isa = PBXFileReference; lastKnownFileType = sourcecode.swift; path = GroomerScheduleView.swift; sourceTree = "<group>"; };
		83D3DBDD2A64C75A00A43A3C /* ScheduleDetailView.swift */ = {isa = PBXFileReference; lastKnownFileType = sourcecode.swift; path = ScheduleDetailView.swift; sourceTree = "<group>"; };
		83D3DBE32A64E0BA00A43A3C /* GroomerScheduleViewModel.swift */ = {isa = PBXFileReference; lastKnownFileType = sourcecode.swift; path = GroomerScheduleViewModel.swift; sourceTree = "<group>"; };
		83D3DBE62A662A0200A43A3C /* SelectedDateAndTimeSlot.swift */ = {isa = PBXFileReference; lastKnownFileType = sourcecode.swift; path = SelectedDateAndTimeSlot.swift; sourceTree = "<group>"; };
		83D3DBE82A66FBA800A43A3C /* TestSlotViewModel.swift */ = {isa = PBXFileReference; lastKnownFileType = sourcecode.swift; path = TestSlotViewModel.swift; sourceTree = "<group>"; };
		83DBA91B2A55EA1800D3FF7D /* Bubbles.app */ = {isa = PBXFileReference; explicitFileType = wrapper.application; includeInIndex = 0; path = Bubbles.app; sourceTree = BUILT_PRODUCTS_DIR; };
		83DBA91E2A55EA1800D3FF7D /* BubblesApp.swift */ = {isa = PBXFileReference; lastKnownFileType = sourcecode.swift; path = BubblesApp.swift; sourceTree = "<group>"; };
		83DBA9222A55EA1B00D3FF7D /* Assets.xcassets */ = {isa = PBXFileReference; lastKnownFileType = folder.assetcatalog; path = Assets.xcassets; sourceTree = "<group>"; };
		83DBA9252A55EA1B00D3FF7D /* Preview Assets.xcassets */ = {isa = PBXFileReference; lastKnownFileType = folder.assetcatalog; path = "Preview Assets.xcassets"; sourceTree = "<group>"; };
		83DBA9312A55EB2300D3FF7D /* UserProfileView.swift */ = {isa = PBXFileReference; lastKnownFileType = sourcecode.swift; path = UserProfileView.swift; sourceTree = "<group>"; };
		83DBA9332A55EB3500D3FF7D /* GroomerProfileView.swift */ = {isa = PBXFileReference; lastKnownFileType = sourcecode.swift; path = GroomerProfileView.swift; sourceTree = "<group>"; };
		83DBA9352A55EB5800D3FF7D /* StoreListView.swift */ = {isa = PBXFileReference; lastKnownFileType = sourcecode.swift; path = StoreListView.swift; sourceTree = "<group>"; };
		83DBA9372A55EB7200D3FF7D /* StoreDetailView.swift */ = {isa = PBXFileReference; lastKnownFileType = sourcecode.swift; path = StoreDetailView.swift; sourceTree = "<group>"; };
		83DBA93A2A55EC4800D3FF7D /* ApptView.swift */ = {isa = PBXFileReference; lastKnownFileType = sourcecode.swift; path = ApptView.swift; sourceTree = "<group>"; };
		83DBA93E2A55EC7000D3FF7D /* EditBookingView.swift */ = {isa = PBXFileReference; lastKnownFileType = sourcecode.swift; path = EditBookingView.swift; sourceTree = "<group>"; };
		83DBA9402A55EDA500D3FF7D /* HomePageView.swift */ = {isa = PBXFileReference; lastKnownFileType = sourcecode.swift; path = HomePageView.swift; sourceTree = "<group>"; };
		83DBA9432A55EFDF00D3FF7D /* NotificationView.swift */ = {isa = PBXFileReference; lastKnownFileType = sourcecode.swift; path = NotificationView.swift; sourceTree = "<group>"; };
		83DBA9462A55F17200D3FF7D /* GroomingHistoryView.swift */ = {isa = PBXFileReference; lastKnownFileType = sourcecode.swift; path = GroomingHistoryView.swift; sourceTree = "<group>"; };
		83DBA9492A56052300D3FF7D /* user1.webp */ = {isa = PBXFileReference; lastKnownFileType = file; path = user1.webp; sourceTree = "<group>"; };
		83DBA94D2A56131E00D3FF7D /* Store.swift */ = {isa = PBXFileReference; lastKnownFileType = sourcecode.swift; path = Store.swift; sourceTree = "<group>"; };
		83DBA94F2A561ACA00D3FF7D /* StoreRowView.swift */ = {isa = PBXFileReference; lastKnownFileType = sourcecode.swift; path = StoreRowView.swift; sourceTree = "<group>"; };
		83DBA9512A562E0E00D3FF7D /* Price.swift */ = {isa = PBXFileReference; lastKnownFileType = sourcecode.swift; path = Price.swift; sourceTree = "<group>"; };
		83E6FA922A5C8C1100732F90 /* BookingViewModel.swift */ = {isa = PBXFileReference; lastKnownFileType = sourcecode.swift; path = BookingViewModel.swift; sourceTree = "<group>"; };
		83E6FA952A5CA10400732F90 /* Groomer.swift */ = {isa = PBXFileReference; lastKnownFileType = sourcecode.swift; path = Groomer.swift; sourceTree = "<group>"; };
		83E6FA992A5CFF1A00732F90 /* Constants.swift */ = {isa = PBXFileReference; lastKnownFileType = sourcecode.swift; path = Constants.swift; sourceTree = "<group>"; };
		83E6FA9B2A5D083C00732F90 /* Test2.swift */ = {isa = PBXFileReference; lastKnownFileType = sourcecode.swift; path = Test2.swift; sourceTree = "<group>"; };
		83E6FA9E2A5DD65200732F90 /* View1.swift */ = {isa = PBXFileReference; lastKnownFileType = sourcecode.swift; path = View1.swift; sourceTree = "<group>"; };
		83E6FAA02A5DD6C500732F90 /* TestTabView.swift */ = {isa = PBXFileReference; lastKnownFileType = sourcecode.swift; path = TestTabView.swift; sourceTree = "<group>"; };
		83E6FAA22A5DD73400732F90 /* View2.swift */ = {isa = PBXFileReference; lastKnownFileType = sourcecode.swift; path = View2.swift; sourceTree = "<group>"; };
		83E6FAA42A5DF41400732F90 /* View3.swift */ = {isa = PBXFileReference; lastKnownFileType = sourcecode.swift; path = View3.swift; sourceTree = "<group>"; };
		83E6FAA62A5F390F00732F90 /* TestViewModel.swift */ = {isa = PBXFileReference; lastKnownFileType = sourcecode.swift; path = TestViewModel.swift; sourceTree = "<group>"; };
		83E6FAA92A5F4F1E00732F90 /* View4.swift */ = {isa = PBXFileReference; lastKnownFileType = sourcecode.swift; path = View4.swift; sourceTree = "<group>"; };
		83E6FAAB2A5F525A00732F90 /* BookingView.swift */ = {isa = PBXFileReference; lastKnownFileType = sourcecode.swift; path = BookingView.swift; sourceTree = "<group>"; };
		83E6FAAD2A5F54B400732F90 /* SuccessView.swift */ = {isa = PBXFileReference; lastKnownFileType = sourcecode.swift; path = SuccessView.swift; sourceTree = "<group>"; };
		83E6FAAF2A5F584C00732F90 /* Profile.swift */ = {isa = PBXFileReference; lastKnownFileType = sourcecode.swift; path = Profile.swift; sourceTree = "<group>"; };
		83E6FAB12A5F5AE200732F90 /* BookingView2.swift */ = {isa = PBXFileReference; lastKnownFileType = sourcecode.swift; path = BookingView2.swift; sourceTree = "<group>"; };
		83E6FAB32A5F706200732F90 /* GroomersView.swift */ = {isa = PBXFileReference; lastKnownFileType = sourcecode.swift; path = GroomersView.swift; sourceTree = "<group>"; };
		83E6FAB52A5F717C00732F90 /* GroomingServiceDetailView.swift */ = {isa = PBXFileReference; lastKnownFileType = sourcecode.swift; path = GroomingServiceDetailView.swift; sourceTree = "<group>"; };
		83E6FAB72A5F726E00732F90 /* BookingWithGroomerView.swift */ = {isa = PBXFileReference; lastKnownFileType = sourcecode.swift; path = BookingWithGroomerView.swift; sourceTree = "<group>"; };
		83E6FAB92A5F7F9600732F90 /* CreateBookingView.swift */ = {isa = PBXFileReference; lastKnownFileType = sourcecode.swift; path = CreateBookingView.swift; sourceTree = "<group>"; };
		83E6FABB2A5F86D200732F90 /* SuccessBookingView.swift */ = {isa = PBXFileReference; lastKnownFileType = sourcecode.swift; path = SuccessBookingView.swift; sourceTree = "<group>"; };
		83E6FABD2A60C4AF00732F90 /* AppointmentViewRow.swift */ = {isa = PBXFileReference; lastKnownFileType = sourcecode.swift; path = AppointmentViewRow.swift; sourceTree = "<group>"; };
		83EF3E002A6881E4001AD56F /* StoreManager.swift */ = {isa = PBXFileReference; lastKnownFileType = sourcecode.swift; path = StoreManager.swift; sourceTree = "<group>"; };
		83EF3E022A69DD17001AD56F /* CreateBookingView2.swift */ = {isa = PBXFileReference; lastKnownFileType = sourcecode.swift; path = CreateBookingView2.swift; sourceTree = "<group>"; };
		83EF3E052A6A0ED9001AD56F /* ScheduleManager.swift */ = {isa = PBXFileReference; lastKnownFileType = sourcecode.swift; path = ScheduleManager.swift; sourceTree = "<group>"; };
/* End PBXFileReference section */

/* Begin PBXFrameworksBuildPhase section */
		83DBA9182A55EA1800D3FF7D /* Frameworks */ = {
			isa = PBXFrameworksBuildPhase;
			buildActionMask = 2147483647;
			files = (
				8387EAF52A5746D700CDA143 /* FirebaseAuth in Frameworks */,
				8387EAFB2A5746D700CDA143 /* FirebaseStorage in Frameworks */,
				8387EAF72A5746D700CDA143 /* FirebaseFirestore in Frameworks */,
				8387EAF92A5746D700CDA143 /* FirebaseFirestoreSwift in Frameworks */,
				8387EB102A57AE6D00CDA143 /* Kingfisher in Frameworks */,
			);
			runOnlyForDeploymentPostprocessing = 0;
		};
/* End PBXFrameworksBuildPhase section */

/* Begin PBXGroup section */
		8387EAE12A564E2500CDA143 /* Components */ = {
			isa = PBXGroup;
			children = (
				8387EAE22A564E4600CDA143 /* ButtonView.swift */,
				8387EB212A58ECC000CDA143 /* RadioButtonView.swift */,
				831D3BA12A5A50D1007BFAB5 /* GroomerViewRow.swift */,
				831D3B9F2A5A4D2E007BFAB5 /* ExploreGroomerView.swift */,
				83E6FABD2A60C4AF00732F90 /* AppointmentViewRow.swift */,
			);
			path = Components;
			sourceTree = "<group>";
		};
		8387EAEC2A571B8300CDA143 /* Views */ = {
			isa = PBXGroup;
			children = (
				8387EB042A57839700CDA143 /* LoginView .swift */,
				8387EB112A57D15400CDA143 /* ChooseRegisterView.swift */,
				8387EAEF2A571BD700CDA143 /* RegisterView.swift */,
				8387EB1B2A58D1ED00CDA143 /* GroomerRegisterView.swift */,
			);
			path = Views;
			sourceTree = "<group>";
		};
		8387EAED2A571B8B00CDA143 /* ViewModels */ = {
			isa = PBXGroup;
			children = (
				8387EB022A57780600CDA143 /* RegisterViewModel.swift */,
				8387EB082A579DED00CDA143 /* LoginViewModel.swift */,
				8387EB192A58D13000CDA143 /* GroomerRegisterViewModel.swift */,
			);
			path = ViewModels;
			sourceTree = "<group>";
		};
		8387EAEE2A571B9500CDA143 /* Services */ = {
			isa = PBXGroup;
			children = (
				8387EAF12A57427E00CDA143 /* AuthService.swift */,
			);
			path = Services;
			sourceTree = "<group>";
		};
		8387EB1F2A58E15700CDA143 /* ViewModels */ = {
			isa = PBXGroup;
			children = (
				8387EB1D2A58E13F00CDA143 /* AddPetViewModel.swift */,
			);
			path = ViewModels;
			sourceTree = "<group>";
		};
		8387EB202A58E16200CDA143 /* Views */ = {
			isa = PBXGroup;
			children = (
				83DBA9312A55EB2300D3FF7D /* UserProfileView.swift */,
				8387EB132A587E5100CDA143 /* PetProfileView.swift */,
				831D3B9B2A5A2187007BFAB5 /* EditPetProfileView.swift */,
				8387EAFE2A57609D00CDA143 /* PetInfoView.swift */,
				8387EB002A57644900CDA143 /* PetMedicationInfoView.swift */,
				831D3B952A59BCEE007BFAB5 /* RabiesExpirationView .swift */,
				831D3B972A59BE1E007BFAB5 /* UploadCertificateView.swift */,
				831D3B992A59FDEB007BFAB5 /* CompletedPetProfileView.swift */,
				83DBA9332A55EB3500D3FF7D /* GroomerProfileView.swift */,
			);
			path = Views;
			sourceTree = "<group>";
		};
		83D3DBDA2A64C10000A43A3C /* GroomerSchedule */ = {
			isa = PBXGroup;
			children = (
				83D3DBDB2A64C1AB00A43A3C /* GroomerScheduleView.swift */,
				83D3DBDD2A64C75A00A43A3C /* ScheduleDetailView.swift */,
				83D3DBE32A64E0BA00A43A3C /* GroomerScheduleViewModel.swift */,
			);
			path = GroomerSchedule;
			sourceTree = "<group>";
		};
		83DBA9122A55EA1800D3FF7D = {
			isa = PBXGroup;
			children = (
				83DBA91D2A55EA1800D3FF7D /* Bubbles */,
				83DBA91C2A55EA1800D3FF7D /* Products */,
			);
			sourceTree = "<group>";
		};
		83DBA91C2A55EA1800D3FF7D /* Products */ = {
			isa = PBXGroup;
			children = (
				83DBA91B2A55EA1800D3FF7D /* Bubbles.app */,
			);
			name = Products;
			sourceTree = "<group>";
		};
		83DBA91D2A55EA1800D3FF7D /* Bubbles */ = {
			isa = PBXGroup;
			children = (
				83DBA91E2A55EA1800D3FF7D /* BubblesApp.swift */,
				83E6FA9D2A5DD5F100732F90 /* Test */,
				83E6FA982A5CFEE500732F90 /* Helpers */,
				8387EAE12A564E2500CDA143 /* Components */,
				83DBA94A2A56126000D3FF7D /* Core */,
				83DBA94B2A5612A100D3FF7D /* Models */,
				83DBA94C2A5612B200D3FF7D /* Services */,
				83DBA9222A55EA1B00D3FF7D /* Assets.xcassets */,
				8387EAFC2A574F3200CDA143 /* GoogleService-Info.plist */,
				83DBA9242A55EA1B00D3FF7D /* Preview Content */,
			);
			path = Bubbles;
			sourceTree = "<group>";
		};
		83DBA9242A55EA1B00D3FF7D /* Preview Content */ = {
			isa = PBXGroup;
			children = (
				83DBA9252A55EA1B00D3FF7D /* Preview Assets.xcassets */,
			);
			path = "Preview Content";
			sourceTree = "<group>";
		};
		83DBA92C2A55EA3700D3FF7D /* Profile */ = {
			isa = PBXGroup;
			children = (
				8387EB202A58E16200CDA143 /* Views */,
				8387EB1F2A58E15700CDA143 /* ViewModels */,
			);
			path = Profile;
			sourceTree = "<group>";
		};
		83DBA92D2A55EA4600D3FF7D /* Authentication  */ = {
			isa = PBXGroup;
			children = (
				8387EAEC2A571B8300CDA143 /* Views */,
				8387EAED2A571B8B00CDA143 /* ViewModels */,
				8387EAEE2A571B9500CDA143 /* Services */,
			);
			path = "Authentication ";
			sourceTree = "<group>";
		};
		83DBA92E2A55EA5200D3FF7D /* GroomingStore */ = {
			isa = PBXGroup;
			children = (
				83DBA9352A55EB5800D3FF7D /* StoreListView.swift */,
				83DBA9372A55EB7200D3FF7D /* StoreDetailView.swift */,
				83DBA94F2A561ACA00D3FF7D /* StoreRowView.swift */,
				83E6FAB32A5F706200732F90 /* GroomersView.swift */,
				83E6FAB52A5F717C00732F90 /* GroomingServiceDetailView.swift */,
			);
			path = GroomingStore;
			sourceTree = "<group>";
		};
		83DBA92F2A55EA7500D3FF7D /* Search  */ = {
			isa = PBXGroup;
			children = (
				83DBA9492A56052300D3FF7D /* user1.webp */,
			);
			path = "Search ";
			sourceTree = "<group>";
		};
		83DBA9302A55EAD100D3FF7D /* Root */ = {
			isa = PBXGroup;
			children = (
				8387EB0A2A579F7500CDA143 /* ContentView.swift */,
				8387EB0C2A57A0C300CDA143 /* ContentViewModel.swift */,
			);
			path = Root;
			sourceTree = "<group>";
		};
		83DBA9392A55EBE200D3FF7D /* Booking  */ = {
			isa = PBXGroup;
			children = (
				83DBA93A2A55EC4800D3FF7D /* ApptView.swift */,
				83E6FAB72A5F726E00732F90 /* BookingWithGroomerView.swift */,
				83E6FAB92A5F7F9600732F90 /* CreateBookingView.swift */,
				83EF3E022A69DD17001AD56F /* CreateBookingView2.swift */,
				83E6FABB2A5F86D200732F90 /* SuccessBookingView.swift */,
				8387EADF2A564B2F00CDA143 /* CompleteBookingView.swift */,
				83DBA93E2A55EC7000D3FF7D /* EditBookingView.swift */,
				83E6FA942A5C8C1600732F90 /* ViewModels */,
			);
			path = "Booking ";
			sourceTree = "<group>";
		};
		83DBA9422A55EFA800D3FF7D /* Notifications */ = {
			isa = PBXGroup;
			children = (
				83DBA9432A55EFDF00D3FF7D /* NotificationView.swift */,
				83D3DBD82A63963200A43A3C /* NotificationViewModel.swift */,
			);
			path = Notifications;
			sourceTree = "<group>";
		};
		83DBA9452A55F13F00D3FF7D /* History */ = {
			isa = PBXGroup;
			children = (
				83DBA9462A55F17200D3FF7D /* GroomingHistoryView.swift */,
			);
			path = History;
			sourceTree = "<group>";
		};
		83DBA9482A55F57100D3FF7D /* Tabbar */ = {
			isa = PBXGroup;
			children = (
				83DBA9402A55EDA500D3FF7D /* HomePageView.swift */,
			);
			path = Tabbar;
			sourceTree = "<group>";
		};
		83DBA94A2A56126000D3FF7D /* Core */ = {
			isa = PBXGroup;
			children = (
				83DBA92D2A55EA4600D3FF7D /* Authentication  */,
				83DBA9392A55EBE200D3FF7D /* Booking  */,
				83D3DBDA2A64C10000A43A3C /* GroomerSchedule */,
				83DBA92E2A55EA5200D3FF7D /* GroomingStore */,
				83DBA9422A55EFA800D3FF7D /* Notifications */,
				83DBA92C2A55EA3700D3FF7D /* Profile */,
				83DBA9302A55EAD100D3FF7D /* Root */,
				83DBA92F2A55EA7500D3FF7D /* Search  */,
				83DBA9482A55F57100D3FF7D /* Tabbar */,
				83DBA9452A55F13F00D3FF7D /* History */,
			);
			path = Core;
			sourceTree = "<group>";
		};
		83DBA94B2A5612A100D3FF7D /* Models */ = {
			isa = PBXGroup;
			children = (
				8387EADB2A563D0900CDA143 /* Appointment.swift */,
				83E6FA952A5CA10400732F90 /* Groomer.swift */,
				8387EAE82A566E3600CDA143 /* GroomerNote.swift */,
				83D3DBD52A638F7600A43A3C /* Notification.swift */,
				8387EB172A58850F00CDA143 /* Pet.swift */,
				83DBA9512A562E0E00D3FF7D /* Price.swift */,
				8387EAEA2A571A8C00CDA143 /* User.swift */,
				83DBA94D2A56131E00D3FF7D /* Store.swift */,
				83D3DBE62A662A0200A43A3C /* SelectedDateAndTimeSlot.swift */,
			);
			path = Models;
			sourceTree = "<group>";
		};
		83DBA94C2A5612B200D3FF7D /* Services */ = {
			isa = PBXGroup;
			children = (
				8387EB062A57995800CDA143 /* UserService.swift */,
				83EF3E002A6881E4001AD56F /* StoreManager.swift */,
				83EF3E052A6A0ED9001AD56F /* ScheduleManager.swift */,
			);
			path = Services;
			sourceTree = "<group>";
		};
		83E6FA942A5C8C1600732F90 /* ViewModels */ = {
			isa = PBXGroup;
			children = (
				83E6FA922A5C8C1100732F90 /* BookingViewModel.swift */,
			);
			path = ViewModels;
			sourceTree = "<group>";
		};
		83E6FA982A5CFEE500732F90 /* Helpers */ = {
			isa = PBXGroup;
			children = (
				83E6FA992A5CFF1A00732F90 /* Constants.swift */,
				83AA295F2A6F47C6005AB3C7 /* Extention.swift */,
			);
			path = Helpers;
			sourceTree = "<group>";
		};
		83E6FA9D2A5DD5F100732F90 /* Test */ = {
			isa = PBXGroup;
			children = (
				83E6FAA62A5F390F00732F90 /* TestViewModel.swift */,
				83E6FA9B2A5D083C00732F90 /* Test2.swift */,
				831D3BA32A5A6F66007BFAB5 /* Test.swift */,
				83D3DBE82A66FBA800A43A3C /* TestSlotViewModel.swift */,
				83E6FAA02A5DD6C500732F90 /* TestTabView.swift */,
				83E6FA9E2A5DD65200732F90 /* View1.swift */,
				83E6FAA22A5DD73400732F90 /* View2.swift */,
				83E6FAA42A5DF41400732F90 /* View3.swift */,
				83E6FAA92A5F4F1E00732F90 /* View4.swift */,
				83E6FAAB2A5F525A00732F90 /* BookingView.swift */,
				83E6FAB12A5F5AE200732F90 /* BookingView2.swift */,
				83E6FAAD2A5F54B400732F90 /* SuccessView.swift */,
				83E6FAAF2A5F584C00732F90 /* Profile.swift */,
				8303091B2A6B693C001E5F7A /* FetchSchedule.swift */,
			);
			path = Test;
			sourceTree = "<group>";
		};
/* End PBXGroup section */

/* Begin PBXNativeTarget section */
		83DBA91A2A55EA1800D3FF7D /* Bubbles */ = {
			isa = PBXNativeTarget;
			buildConfigurationList = 83DBA9292A55EA1B00D3FF7D /* Build configuration list for PBXNativeTarget "Bubbles" */;
			buildPhases = (
				83DBA9172A55EA1800D3FF7D /* Sources */,
				83DBA9182A55EA1800D3FF7D /* Frameworks */,
				83DBA9192A55EA1800D3FF7D /* Resources */,
			);
			buildRules = (
			);
			dependencies = (
			);
			name = Bubbles;
			packageProductDependencies = (
				8387EAF42A5746D700CDA143 /* FirebaseAuth */,
				8387EAF62A5746D700CDA143 /* FirebaseFirestore */,
				8387EAF82A5746D700CDA143 /* FirebaseFirestoreSwift */,
				8387EAFA2A5746D700CDA143 /* FirebaseStorage */,
				8387EB0F2A57AE6D00CDA143 /* Kingfisher */,
			);
			productName = Bubbles;
			productReference = 83DBA91B2A55EA1800D3FF7D /* Bubbles.app */;
			productType = "com.apple.product-type.application";
		};
/* End PBXNativeTarget section */

/* Begin PBXProject section */
		83DBA9132A55EA1800D3FF7D /* Project object */ = {
			isa = PBXProject;
			attributes = {
				BuildIndependentTargetsInParallel = 1;
				LastSwiftUpdateCheck = 1420;
				LastUpgradeCheck = 1420;
				TargetAttributes = {
					83DBA91A2A55EA1800D3FF7D = {
						CreatedOnToolsVersion = 14.2;
					};
				};
			};
			buildConfigurationList = 83DBA9162A55EA1800D3FF7D /* Build configuration list for PBXProject "Bubbles" */;
			compatibilityVersion = "Xcode 14.0";
			developmentRegion = en;
			hasScannedForEncodings = 0;
			knownRegions = (
				en,
				Base,
			);
			mainGroup = 83DBA9122A55EA1800D3FF7D;
			packageReferences = (
				8387EAF32A5746D700CDA143 /* XCRemoteSwiftPackageReference "firebase-ios-sdk" */,
				8387EB0E2A57AE6D00CDA143 /* XCRemoteSwiftPackageReference "Kingfisher" */,
			);
			productRefGroup = 83DBA91C2A55EA1800D3FF7D /* Products */;
			projectDirPath = "";
			projectRoot = "";
			targets = (
				83DBA91A2A55EA1800D3FF7D /* Bubbles */,
			);
		};
/* End PBXProject section */

/* Begin PBXResourcesBuildPhase section */
		83DBA9192A55EA1800D3FF7D /* Resources */ = {
			isa = PBXResourcesBuildPhase;
			buildActionMask = 2147483647;
			files = (
				83DBA9262A55EA1B00D3FF7D /* Preview Assets.xcassets in Resources */,
				83DBA9232A55EA1B00D3FF7D /* Assets.xcassets in Resources */,
				8387EAFD2A574F3200CDA143 /* GoogleService-Info.plist in Resources */,
			);
			runOnlyForDeploymentPostprocessing = 0;
		};
/* End PBXResourcesBuildPhase section */

/* Begin PBXSourcesBuildPhase section */
		83DBA9172A55EA1800D3FF7D /* Sources */ = {
			isa = PBXSourcesBuildPhase;
			buildActionMask = 2147483647;
			files = (
				83E6FAB22A5F5AE200732F90 /* BookingView2.swift in Sources */,
				83E6FABE2A60C4AF00732F90 /* AppointmentViewRow.swift in Sources */,
				8387EB072A57995800CDA143 /* UserService.swift in Sources */,
				83E6FAB02A5F584C00732F90 /* Profile.swift in Sources */,
				83DBA93B2A55EC4800D3FF7D /* ApptView.swift in Sources */,
				83D3DBDC2A64C1AB00A43A3C /* GroomerScheduleView.swift in Sources */,
				8387EAF22A57427E00CDA143 /* AuthService.swift in Sources */,
				83D3DBDE2A64C75A00A43A3C /* ScheduleDetailView.swift in Sources */,
				8387EB1C2A58D1ED00CDA143 /* GroomerRegisterView.swift in Sources */,
				831D3B9C2A5A2187007BFAB5 /* EditPetProfileView.swift in Sources */,
				83D3DBE92A66FBA800A43A3C /* TestSlotViewModel.swift in Sources */,
				83DBA9522A562E0E00D3FF7D /* Price.swift in Sources */,
				83DBA9382A55EB7200D3FF7D /* StoreDetailView.swift in Sources */,
				8387EB222A58ECC000CDA143 /* RadioButtonView.swift in Sources */,
				831D3B982A59BE1E007BFAB5 /* UploadCertificateView.swift in Sources */,
				83DBA9502A561ACA00D3FF7D /* StoreRowView.swift in Sources */,
				83E6FA962A5CA10400732F90 /* Groomer.swift in Sources */,
				83E6FA9C2A5D083C00732F90 /* Test2.swift in Sources */,
				8387EB012A57644900CDA143 /* PetMedicationInfoView.swift in Sources */,
				83DBA9412A55EDA500D3FF7D /* HomePageView.swift in Sources */,
				83E6FAB82A5F726E00732F90 /* BookingWithGroomerView.swift in Sources */,
				8387EADC2A563D0900CDA143 /* Appointment.swift in Sources */,
				831D3BA42A5A6F66007BFAB5 /* Test.swift in Sources */,
				83E6FAAE2A5F54B400732F90 /* SuccessView.swift in Sources */,
				83E6FA9A2A5CFF1A00732F90 /* Constants.swift in Sources */,
				8387EAE92A566E3600CDA143 /* GroomerNote.swift in Sources */,
				8387EAE32A564E4600CDA143 /* ButtonView.swift in Sources */,
				83DBA9472A55F17200D3FF7D /* GroomingHistoryView.swift in Sources */,
				8387EB1E2A58E13F00CDA143 /* AddPetViewModel.swift in Sources */,
				8387EAF02A571BD700CDA143 /* RegisterView.swift in Sources */,
				83E6FA932A5C8C1100732F90 /* BookingViewModel.swift in Sources */,
				83E6FAA72A5F390F00732F90 /* TestViewModel.swift in Sources */,
				83E6FAB42A5F706200732F90 /* GroomersView.swift in Sources */,
				8387EB182A58850F00CDA143 /* Pet.swift in Sources */,
				83E6FABA2A5F7F9600732F90 /* CreateBookingView.swift in Sources */,
				83DBA9322A55EB2300D3FF7D /* UserProfileView.swift in Sources */,
				831D3BA22A5A50D1007BFAB5 /* GroomerViewRow.swift in Sources */,
				8387EAE02A564B2F00CDA143 /* CompleteBookingView.swift in Sources */,
				8303091C2A6B693C001E5F7A /* FetchSchedule.swift in Sources */,
				83E6FA9F2A5DD65200732F90 /* View1.swift in Sources */,
				8387EB1A2A58D13000CDA143 /* GroomerRegisterViewModel.swift in Sources */,
				83DBA93F2A55EC7000D3FF7D /* EditBookingView.swift in Sources */,
				83D3DBE42A64E0BA00A43A3C /* GroomerScheduleViewModel.swift in Sources */,
				83D3DBD62A638F7600A43A3C /* Notification.swift in Sources */,
				83DBA9362A55EB5800D3FF7D /* StoreListView.swift in Sources */,
				8387EB122A57D15400CDA143 /* ChooseRegisterView.swift in Sources */,
				83D3DBD92A63963200A43A3C /* NotificationViewModel.swift in Sources */,
				83EF3E032A69DD17001AD56F /* CreateBookingView2.swift in Sources */,
				831D3BA02A5A4D2E007BFAB5 /* ExploreGroomerView.swift in Sources */,
				83E6FAA32A5DD73400732F90 /* View2.swift in Sources */,
				83E6FAB62A5F717C00732F90 /* GroomingServiceDetailView.swift in Sources */,
				8387EB052A57839700CDA143 /* LoginView .swift in Sources */,
				8387EB092A579DED00CDA143 /* LoginViewModel.swift in Sources */,
				8387EB142A587E5100CDA143 /* PetProfileView.swift in Sources */,
				83DBA9342A55EB3500D3FF7D /* GroomerProfileView.swift in Sources */,
				83E6FAAC2A5F525A00732F90 /* BookingView.swift in Sources */,
				83DBA94E2A56131E00D3FF7D /* Store.swift in Sources */,
				83EF3E062A6A0ED9001AD56F /* ScheduleManager.swift in Sources */,
				8387EB0D2A57A0C300CDA143 /* ContentViewModel.swift in Sources */,
				831D3B9A2A59FDEB007BFAB5 /* CompletedPetProfileView.swift in Sources */,
				83EF3E012A6881E4001AD56F /* StoreManager.swift in Sources */,
				83D3DBE72A662A0200A43A3C /* SelectedDateAndTimeSlot.swift in Sources */,
				83AA29602A6F47C6005AB3C7 /* Extention.swift in Sources */,
				83E6FAA52A5DF41400732F90 /* View3.swift in Sources */,
				83E6FABC2A5F86D200732F90 /* SuccessBookingView.swift in Sources */,
				83E6FAA12A5DD6C500732F90 /* TestTabView.swift in Sources */,
				8387EB032A57780600CDA143 /* RegisterViewModel.swift in Sources */,
				831D3B962A59BCEE007BFAB5 /* RabiesExpirationView .swift in Sources */,
				8387EAFF2A57609D00CDA143 /* PetInfoView.swift in Sources */,
				83E6FAAA2A5F4F1E00732F90 /* View4.swift in Sources */,
				8387EB0B2A579F7500CDA143 /* ContentView.swift in Sources */,
				83DBA91F2A55EA1800D3FF7D /* BubblesApp.swift in Sources */,
				83DBA9442A55EFDF00D3FF7D /* NotificationView.swift in Sources */,
				8387EAEB2A571A8C00CDA143 /* User.swift in Sources */,
			);
			runOnlyForDeploymentPostprocessing = 0;
		};
/* End PBXSourcesBuildPhase section */

/* Begin XCBuildConfiguration section */
		83DBA9272A55EA1B00D3FF7D /* Debug */ = {
			isa = XCBuildConfiguration;
			buildSettings = {
				ALWAYS_SEARCH_USER_PATHS = NO;
				CLANG_ANALYZER_NONNULL = YES;
				CLANG_ANALYZER_NUMBER_OBJECT_CONVERSION = YES_AGGRESSIVE;
				CLANG_CXX_LANGUAGE_STANDARD = "gnu++20";
				CLANG_ENABLE_MODULES = YES;
				CLANG_ENABLE_OBJC_ARC = YES;
				CLANG_ENABLE_OBJC_WEAK = YES;
				CLANG_WARN_BLOCK_CAPTURE_AUTORELEASING = YES;
				CLANG_WARN_BOOL_CONVERSION = YES;
				CLANG_WARN_COMMA = YES;
				CLANG_WARN_CONSTANT_CONVERSION = YES;
				CLANG_WARN_DEPRECATED_OBJC_IMPLEMENTATIONS = YES;
				CLANG_WARN_DIRECT_OBJC_ISA_USAGE = YES_ERROR;
				CLANG_WARN_DOCUMENTATION_COMMENTS = YES;
				CLANG_WARN_EMPTY_BODY = YES;
				CLANG_WARN_ENUM_CONVERSION = YES;
				CLANG_WARN_INFINITE_RECURSION = YES;
				CLANG_WARN_INT_CONVERSION = YES;
				CLANG_WARN_NON_LITERAL_NULL_CONVERSION = YES;
				CLANG_WARN_OBJC_IMPLICIT_RETAIN_SELF = YES;
				CLANG_WARN_OBJC_LITERAL_CONVERSION = YES;
				CLANG_WARN_OBJC_ROOT_CLASS = YES_ERROR;
				CLANG_WARN_QUOTED_INCLUDE_IN_FRAMEWORK_HEADER = YES;
				CLANG_WARN_RANGE_LOOP_ANALYSIS = YES;
				CLANG_WARN_STRICT_PROTOTYPES = YES;
				CLANG_WARN_SUSPICIOUS_MOVE = YES;
				CLANG_WARN_UNGUARDED_AVAILABILITY = YES_AGGRESSIVE;
				CLANG_WARN_UNREACHABLE_CODE = YES;
				CLANG_WARN__DUPLICATE_METHOD_MATCH = YES;
				COPY_PHASE_STRIP = NO;
				DEBUG_INFORMATION_FORMAT = dwarf;
				ENABLE_STRICT_OBJC_MSGSEND = YES;
				ENABLE_TESTABILITY = YES;
				GCC_C_LANGUAGE_STANDARD = gnu11;
				GCC_DYNAMIC_NO_PIC = NO;
				GCC_NO_COMMON_BLOCKS = YES;
				GCC_OPTIMIZATION_LEVEL = 0;
				GCC_PREPROCESSOR_DEFINITIONS = (
					"DEBUG=1",
					"$(inherited)",
				);
				GCC_WARN_64_TO_32_BIT_CONVERSION = YES;
				GCC_WARN_ABOUT_RETURN_TYPE = YES_ERROR;
				GCC_WARN_UNDECLARED_SELECTOR = YES;
				GCC_WARN_UNINITIALIZED_AUTOS = YES_AGGRESSIVE;
				GCC_WARN_UNUSED_FUNCTION = YES;
				GCC_WARN_UNUSED_VARIABLE = YES;
				IPHONEOS_DEPLOYMENT_TARGET = 16.2;
				MTL_ENABLE_DEBUG_INFO = INCLUDE_SOURCE;
				MTL_FAST_MATH = YES;
				ONLY_ACTIVE_ARCH = YES;
				SDKROOT = iphoneos;
				SWIFT_ACTIVE_COMPILATION_CONDITIONS = DEBUG;
				SWIFT_OPTIMIZATION_LEVEL = "-Onone";
			};
			name = Debug;
		};
		83DBA9282A55EA1B00D3FF7D /* Release */ = {
			isa = XCBuildConfiguration;
			buildSettings = {
				ALWAYS_SEARCH_USER_PATHS = NO;
				CLANG_ANALYZER_NONNULL = YES;
				CLANG_ANALYZER_NUMBER_OBJECT_CONVERSION = YES_AGGRESSIVE;
				CLANG_CXX_LANGUAGE_STANDARD = "gnu++20";
				CLANG_ENABLE_MODULES = YES;
				CLANG_ENABLE_OBJC_ARC = YES;
				CLANG_ENABLE_OBJC_WEAK = YES;
				CLANG_WARN_BLOCK_CAPTURE_AUTORELEASING = YES;
				CLANG_WARN_BOOL_CONVERSION = YES;
				CLANG_WARN_COMMA = YES;
				CLANG_WARN_CONSTANT_CONVERSION = YES;
				CLANG_WARN_DEPRECATED_OBJC_IMPLEMENTATIONS = YES;
				CLANG_WARN_DIRECT_OBJC_ISA_USAGE = YES_ERROR;
				CLANG_WARN_DOCUMENTATION_COMMENTS = YES;
				CLANG_WARN_EMPTY_BODY = YES;
				CLANG_WARN_ENUM_CONVERSION = YES;
				CLANG_WARN_INFINITE_RECURSION = YES;
				CLANG_WARN_INT_CONVERSION = YES;
				CLANG_WARN_NON_LITERAL_NULL_CONVERSION = YES;
				CLANG_WARN_OBJC_IMPLICIT_RETAIN_SELF = YES;
				CLANG_WARN_OBJC_LITERAL_CONVERSION = YES;
				CLANG_WARN_OBJC_ROOT_CLASS = YES_ERROR;
				CLANG_WARN_QUOTED_INCLUDE_IN_FRAMEWORK_HEADER = YES;
				CLANG_WARN_RANGE_LOOP_ANALYSIS = YES;
				CLANG_WARN_STRICT_PROTOTYPES = YES;
				CLANG_WARN_SUSPICIOUS_MOVE = YES;
				CLANG_WARN_UNGUARDED_AVAILABILITY = YES_AGGRESSIVE;
				CLANG_WARN_UNREACHABLE_CODE = YES;
				CLANG_WARN__DUPLICATE_METHOD_MATCH = YES;
				COPY_PHASE_STRIP = NO;
				DEBUG_INFORMATION_FORMAT = "dwarf-with-dsym";
				ENABLE_NS_ASSERTIONS = NO;
				ENABLE_STRICT_OBJC_MSGSEND = YES;
				GCC_C_LANGUAGE_STANDARD = gnu11;
				GCC_NO_COMMON_BLOCKS = YES;
				GCC_WARN_64_TO_32_BIT_CONVERSION = YES;
				GCC_WARN_ABOUT_RETURN_TYPE = YES_ERROR;
				GCC_WARN_UNDECLARED_SELECTOR = YES;
				GCC_WARN_UNINITIALIZED_AUTOS = YES_AGGRESSIVE;
				GCC_WARN_UNUSED_FUNCTION = YES;
				GCC_WARN_UNUSED_VARIABLE = YES;
				IPHONEOS_DEPLOYMENT_TARGET = 16.2;
				MTL_ENABLE_DEBUG_INFO = NO;
				MTL_FAST_MATH = YES;
				SDKROOT = iphoneos;
				SWIFT_COMPILATION_MODE = wholemodule;
				SWIFT_OPTIMIZATION_LEVEL = "-O";
				VALIDATE_PRODUCT = YES;
			};
			name = Release;
		};
		83DBA92A2A55EA1B00D3FF7D /* Debug */ = {
			isa = XCBuildConfiguration;
			buildSettings = {
				ASSETCATALOG_COMPILER_APPICON_NAME = AppIcon;
				ASSETCATALOG_COMPILER_GLOBAL_ACCENT_COLOR_NAME = AccentColor;
				CODE_SIGN_STYLE = Automatic;
				CURRENT_PROJECT_VERSION = 1;
				DEVELOPMENT_ASSET_PATHS = "\"Bubbles/Preview Content\"";
				DEVELOPMENT_TEAM = M538P8S5RA;
				ENABLE_PREVIEWS = YES;
				GENERATE_INFOPLIST_FILE = YES;
				INFOPLIST_KEY_UIApplicationSceneManifest_Generation = YES;
				INFOPLIST_KEY_UIApplicationSupportsIndirectInputEvents = YES;
				INFOPLIST_KEY_UILaunchScreen_Generation = YES;
				INFOPLIST_KEY_UISupportedInterfaceOrientations_iPad = "UIInterfaceOrientationPortrait UIInterfaceOrientationPortraitUpsideDown UIInterfaceOrientationLandscapeLeft UIInterfaceOrientationLandscapeRight";
				INFOPLIST_KEY_UISupportedInterfaceOrientations_iPhone = "UIInterfaceOrientationPortrait UIInterfaceOrientationLandscapeLeft UIInterfaceOrientationLandscapeRight";
				LD_RUNPATH_SEARCH_PATHS = (
					"$(inherited)",
					"@executable_path/Frameworks",
				);
				MARKETING_VERSION = 1.0;
				PRODUCT_BUNDLE_IDENTIFIER = com.Jessie.Bubbles;
				PRODUCT_NAME = "$(TARGET_NAME)";
				SWIFT_EMIT_LOC_STRINGS = YES;
				SWIFT_VERSION = 5.0;
				TARGETED_DEVICE_FAMILY = "1,2";
			};
			name = Debug;
		};
		83DBA92B2A55EA1B00D3FF7D /* Release */ = {
			isa = XCBuildConfiguration;
			buildSettings = {
				ASSETCATALOG_COMPILER_APPICON_NAME = AppIcon;
				ASSETCATALOG_COMPILER_GLOBAL_ACCENT_COLOR_NAME = AccentColor;
				CODE_SIGN_STYLE = Automatic;
				CURRENT_PROJECT_VERSION = 1;
				DEVELOPMENT_ASSET_PATHS = "\"Bubbles/Preview Content\"";
				DEVELOPMENT_TEAM = M538P8S5RA;
				ENABLE_PREVIEWS = YES;
				GENERATE_INFOPLIST_FILE = YES;
				INFOPLIST_KEY_UIApplicationSceneManifest_Generation = YES;
				INFOPLIST_KEY_UIApplicationSupportsIndirectInputEvents = YES;
				INFOPLIST_KEY_UILaunchScreen_Generation = YES;
				INFOPLIST_KEY_UISupportedInterfaceOrientations_iPad = "UIInterfaceOrientationPortrait UIInterfaceOrientationPortraitUpsideDown UIInterfaceOrientationLandscapeLeft UIInterfaceOrientationLandscapeRight";
				INFOPLIST_KEY_UISupportedInterfaceOrientations_iPhone = "UIInterfaceOrientationPortrait UIInterfaceOrientationLandscapeLeft UIInterfaceOrientationLandscapeRight";
				LD_RUNPATH_SEARCH_PATHS = (
					"$(inherited)",
					"@executable_path/Frameworks",
				);
				MARKETING_VERSION = 1.0;
				PRODUCT_BUNDLE_IDENTIFIER = com.Jessie.Bubbles;
				PRODUCT_NAME = "$(TARGET_NAME)";
				SWIFT_EMIT_LOC_STRINGS = YES;
				SWIFT_VERSION = 5.0;
				TARGETED_DEVICE_FAMILY = "1,2";
			};
			name = Release;
		};
/* End XCBuildConfiguration section */

/* Begin XCConfigurationList section */
		83DBA9162A55EA1800D3FF7D /* Build configuration list for PBXProject "Bubbles" */ = {
			isa = XCConfigurationList;
			buildConfigurations = (
				83DBA9272A55EA1B00D3FF7D /* Debug */,
				83DBA9282A55EA1B00D3FF7D /* Release */,
			);
			defaultConfigurationIsVisible = 0;
			defaultConfigurationName = Release;
		};
		83DBA9292A55EA1B00D3FF7D /* Build configuration list for PBXNativeTarget "Bubbles" */ = {
			isa = XCConfigurationList;
			buildConfigurations = (
				83DBA92A2A55EA1B00D3FF7D /* Debug */,
				83DBA92B2A55EA1B00D3FF7D /* Release */,
			);
			defaultConfigurationIsVisible = 0;
			defaultConfigurationName = Release;
		};
/* End XCConfigurationList section */

/* Begin XCRemoteSwiftPackageReference section */
		8387EAF32A5746D700CDA143 /* XCRemoteSwiftPackageReference "firebase-ios-sdk" */ = {
			isa = XCRemoteSwiftPackageReference;
			repositoryURL = "https://github.com/firebase/firebase-ios-sdk.git";
			requirement = {
				kind = upToNextMajorVersion;
				minimumVersion = 9.0.0;
			};
		};
		8387EB0E2A57AE6D00CDA143 /* XCRemoteSwiftPackageReference "Kingfisher" */ = {
			isa = XCRemoteSwiftPackageReference;
			repositoryURL = "https://github.com/onevcat/Kingfisher.git";
			requirement = {
				kind = upToNextMajorVersion;
				minimumVersion = 7.0.0;
			};
		};
/* End XCRemoteSwiftPackageReference section */

/* Begin XCSwiftPackageProductDependency section */
		8387EAF42A5746D700CDA143 /* FirebaseAuth */ = {
			isa = XCSwiftPackageProductDependency;
			package = 8387EAF32A5746D700CDA143 /* XCRemoteSwiftPackageReference "firebase-ios-sdk" */;
			productName = FirebaseAuth;
		};
		8387EAF62A5746D700CDA143 /* FirebaseFirestore */ = {
			isa = XCSwiftPackageProductDependency;
			package = 8387EAF32A5746D700CDA143 /* XCRemoteSwiftPackageReference "firebase-ios-sdk" */;
			productName = FirebaseFirestore;
		};
		8387EAF82A5746D700CDA143 /* FirebaseFirestoreSwift */ = {
			isa = XCSwiftPackageProductDependency;
			package = 8387EAF32A5746D700CDA143 /* XCRemoteSwiftPackageReference "firebase-ios-sdk" */;
			productName = FirebaseFirestoreSwift;
		};
		8387EAFA2A5746D700CDA143 /* FirebaseStorage */ = {
			isa = XCSwiftPackageProductDependency;
			package = 8387EAF32A5746D700CDA143 /* XCRemoteSwiftPackageReference "firebase-ios-sdk" */;
			productName = FirebaseStorage;
		};
		8387EB0F2A57AE6D00CDA143 /* Kingfisher */ = {
			isa = XCSwiftPackageProductDependency;
			package = 8387EB0E2A57AE6D00CDA143 /* XCRemoteSwiftPackageReference "Kingfisher" */;
			productName = Kingfisher;
		};
/* End XCSwiftPackageProductDependency section */
	};
	rootObject = 83DBA9132A55EA1800D3FF7D /* Project object */;
}
